// !$*UTF8*$!
{
	archiveVersion = 1;
	classes = {
	};
	objectVersion = 48;
	objects = {

/* Begin PBXBuildFile section */
		9102C1F22066C03700F4B655 /* xAPITester.pdf in Resources */ = {isa = PBXBuildFile; fileRef = 9102C1C02066C03700F4B655 /* xAPITester.pdf */; };
		9102C1F62066C03700F4B655 /* Main.storyboard in Resources */ = {isa = PBXBuildFile; fileRef = 9102C1C52066C03700F4B655 /* Main.storyboard */; };
		9102C1F72066C03700F4B655 /* ViewController.swift in Sources */ = {isa = PBXBuildFile; fileRef = 9102C1C82066C03700F4B655 /* ViewController.swift */; };
		9102C1F82066C03700F4B655 /* HelpViewController.swift in Sources */ = {isa = PBXBuildFile; fileRef = 9102C1C92066C03700F4B655 /* HelpViewController.swift */; };
		9102C1F92066C03700F4B655 /* AppDelegate.swift in Sources */ = {isa = PBXBuildFile; fileRef = 9102C1CA2066C03700F4B655 /* AppDelegate.swift */; };
		9102C1FA2066C03700F4B655 /* AppExtensions.swift in Sources */ = {isa = PBXBuildFile; fileRef = 9102C1CC2066C03700F4B655 /* AppExtensions.swift */; };
		9102C2152066C03700F4B655 /* README.md in Resources */ = {isa = PBXBuildFile; fileRef = 9102C1F12066C03700F4B655 /* README.md */; };
		9102C2192066C10300F4B655 /* Defaults.plist in Resources */ = {isa = PBXBuildFile; fileRef = 9102C2172066C10300F4B655 /* Defaults.plist */; };
		9102C21C2066C27A00F4B655 /* SwiftyUserDefaults.framework in Frameworks */ = {isa = PBXBuildFile; fileRef = 9102C21B2066C27A00F4B655 /* SwiftyUserDefaults.framework */; };
		9102C21D2066C27A00F4B655 /* SwiftyUserDefaults.framework in Embed Frameworks */ = {isa = PBXBuildFile; fileRef = 9102C21B2066C27A00F4B655 /* SwiftyUserDefaults.framework */; settings = {ATTRIBUTES = (CodeSignOnCopy, RemoveHeadersOnCopy, ); }; };
		913F7EB52066C8BB00F35E9B /* Assets.xcassets in Resources */ = {isa = PBXBuildFile; fileRef = 913F7EB42066C8BB00F35E9B /* Assets.xcassets */; };
		913F972B209B62E2007A5273 /* MicAudioHandler.swift in Sources */ = {isa = PBXBuildFile; fileRef = 913F972A209B62E2007A5273 /* MicAudioHandler.swift */; };
		9185B058207905F9004D4C40 /* PanadapterHandler.swift in Sources */ = {isa = PBXBuildFile; fileRef = 9185B057207905F9004D4C40 /* PanadapterHandler.swift */; };
		9185B05A20790E86004D4C40 /* WaterfallHandler.swift in Sources */ = {isa = PBXBuildFile; fileRef = 9185B05920790E86004D4C40 /* WaterfallHandler.swift */; };
		9185B05E20791318004D4C40 /* AudioHandler.swift in Sources */ = {isa = PBXBuildFile; fileRef = 9185B05B20791318004D4C40 /* AudioHandler.swift */; };
		9185B05F20791318004D4C40 /* IqHandler.swift in Sources */ = {isa = PBXBuildFile; fileRef = 9185B05C20791318004D4C40 /* IqHandler.swift */; };
		9185B0B920867E3B004D4C40 /* Keychain.swift in Sources */ = {isa = PBXBuildFile; fileRef = 9185B0AB20867E3B004D4C40 /* Keychain.swift */; };
		9185B0BA20867E3B004D4C40 /* JWTDecode.swift in Sources */ = {isa = PBXBuildFile; fileRef = 9185B0AD20867E3B004D4C40 /* JWTDecode.swift */; };
		9185B0BB20867E3B004D4C40 /* JWT.swift in Sources */ = {isa = PBXBuildFile; fileRef = 9185B0AE20867E3B004D4C40 /* JWT.swift */; };
		9185B0BC20867E3B004D4C40 /* Errors.swift in Sources */ = {isa = PBXBuildFile; fileRef = 9185B0AF20867E3B004D4C40 /* Errors.swift */; };
		9185B0BD20867E3B004D4C40 /* DictionaryExtensions.swift in Sources */ = {isa = PBXBuildFile; fileRef = 9185B0B120867E3B004D4C40 /* DictionaryExtensions.swift */; };
		9185B0BE20867E3B004D4C40 /* DataExtensions.swift in Sources */ = {isa = PBXBuildFile; fileRef = 9185B0B220867E3B004D4C40 /* DataExtensions.swift */; };
		9185B0BF20867E3B004D4C40 /* StringExtensions.swift in Sources */ = {isa = PBXBuildFile; fileRef = 9185B0B320867E3B004D4C40 /* StringExtensions.swift */; };
		9185B0C020867E3B004D4C40 /* URLSessionExtensions.swift in Sources */ = {isa = PBXBuildFile; fileRef = 9185B0B420867E3B004D4C40 /* URLSessionExtensions.swift */; };
		9185B0C120867E3B004D4C40 /* Auth0ViewController.swift in Sources */ = {isa = PBXBuildFile; fileRef = 9185B0B620867E3B004D4C40 /* Auth0ViewController.swift */; };
		9185B0C220867E3B004D4C40 /* WANRadioPickerViewController.swift in Sources */ = {isa = PBXBuildFile; fileRef = 9185B0B720867E3B004D4C40 /* WANRadioPickerViewController.swift */; };
		9185B0C320867E3B004D4C40 /* LANRadioPickerViewController.swift in Sources */ = {isa = PBXBuildFile; fileRef = 9185B0B820867E3B004D4C40 /* LANRadioPickerViewController.swift */; };
		91A2D8DD2069481000676728 /* ChangeLog.txt in Resources */ = {isa = PBXBuildFile; fileRef = 91A2D8DC2069481000676728 /* ChangeLog.txt */; };
		91B4C08E206D477200897398 /* SplitViewController.swift in Sources */ = {isa = PBXBuildFile; fileRef = 91B4C08D206D477200897398 /* SplitViewController.swift */; };
		91FDF1C4206BD6FE00C75CE7 /* xLib6000.framework in Frameworks */ = {isa = PBXBuildFile; fileRef = 91FDF1C3206BD6FE00C75CE7 /* xLib6000.framework */; };
		91FDF1C5206BD6FE00C75CE7 /* xLib6000.framework in Embed Frameworks */ = {isa = PBXBuildFile; fileRef = 91FDF1C3206BD6FE00C75CE7 /* xLib6000.framework */; settings = {ATTRIBUTES = (CodeSignOnCopy, RemoveHeadersOnCopy, ); }; };
/* End PBXBuildFile section */

/* Begin PBXCopyFilesBuildPhase section */
		9102C21E2066C27A00F4B655 /* Embed Frameworks */ = {
			isa = PBXCopyFilesBuildPhase;
			buildActionMask = 2147483647;
			dstPath = "";
			dstSubfolderSpec = 10;
			files = (
				9102C21D2066C27A00F4B655 /* SwiftyUserDefaults.framework in Embed Frameworks */,
				91FDF1C5206BD6FE00C75CE7 /* xLib6000.framework in Embed Frameworks */,
			);
			name = "Embed Frameworks";
			runOnlyForDeploymentPostprocessing = 0;
		};
/* End PBXCopyFilesBuildPhase section */

/* Begin PBXFileReference section */
		9102C1AB2066BE0700F4B655 /* xAPITester.app */ = {isa = PBXFileReference; explicitFileType = wrapper.application; includeInIndex = 0; path = xAPITester.app; sourceTree = BUILT_PRODUCTS_DIR; };
		9102C1C02066C03700F4B655 /* xAPITester.pdf */ = {isa = PBXFileReference; lastKnownFileType = image.pdf; path = xAPITester.pdf; sourceTree = "<group>"; };
		9102C1C62066C03700F4B655 /* Base */ = {isa = PBXFileReference; lastKnownFileType = file.storyboard; name = Base; path = Base.lproj/Main.storyboard; sourceTree = "<group>"; };
		9102C1C82066C03700F4B655 /* ViewController.swift */ = {isa = PBXFileReference; fileEncoding = 4; lastKnownFileType = sourcecode.swift; path = ViewController.swift; sourceTree = "<group>"; };
		9102C1C92066C03700F4B655 /* HelpViewController.swift */ = {isa = PBXFileReference; fileEncoding = 4; lastKnownFileType = sourcecode.swift; path = HelpViewController.swift; sourceTree = "<group>"; };
		9102C1CA2066C03700F4B655 /* AppDelegate.swift */ = {isa = PBXFileReference; fileEncoding = 4; lastKnownFileType = sourcecode.swift; path = AppDelegate.swift; sourceTree = "<group>"; };
		9102C1CC2066C03700F4B655 /* AppExtensions.swift */ = {isa = PBXFileReference; fileEncoding = 4; lastKnownFileType = sourcecode.swift; path = AppExtensions.swift; sourceTree = "<group>"; };
		9102C1F12066C03700F4B655 /* README.md */ = {isa = PBXFileReference; fileEncoding = 4; lastKnownFileType = net.daringfireball.markdown; path = README.md; sourceTree = SOURCE_ROOT; };
		9102C2172066C10300F4B655 /* Defaults.plist */ = {isa = PBXFileReference; fileEncoding = 4; lastKnownFileType = text.plist.xml; path = Defaults.plist; sourceTree = "<group>"; };
		9102C2182066C10300F4B655 /* Info.plist */ = {isa = PBXFileReference; fileEncoding = 4; lastKnownFileType = text.plist.xml; path = Info.plist; sourceTree = "<group>"; };
		9102C21B2066C27A00F4B655 /* SwiftyUserDefaults.framework */ = {isa = PBXFileReference; lastKnownFileType = wrapper.framework; path = SwiftyUserDefaults.framework; sourceTree = "<group>"; };
		913F7EB42066C8BB00F35E9B /* Assets.xcassets */ = {isa = PBXFileReference; lastKnownFileType = folder.assetcatalog; path = Assets.xcassets; sourceTree = "<group>"; };
		913F972A209B62E2007A5273 /* MicAudioHandler.swift */ = {isa = PBXFileReference; fileEncoding = 4; lastKnownFileType = sourcecode.swift; path = MicAudioHandler.swift; sourceTree = "<group>"; };
		9185B057207905F9004D4C40 /* PanadapterHandler.swift */ = {isa = PBXFileReference; fileEncoding = 4; lastKnownFileType = sourcecode.swift; path = PanadapterHandler.swift; sourceTree = "<group>"; };
		9185B05920790E86004D4C40 /* WaterfallHandler.swift */ = {isa = PBXFileReference; fileEncoding = 4; lastKnownFileType = sourcecode.swift; path = WaterfallHandler.swift; sourceTree = "<group>"; };
		9185B05B20791318004D4C40 /* AudioHandler.swift */ = {isa = PBXFileReference; fileEncoding = 4; lastKnownFileType = sourcecode.swift; path = AudioHandler.swift; sourceTree = "<group>"; };
		9185B05C20791318004D4C40 /* IqHandler.swift */ = {isa = PBXFileReference; fileEncoding = 4; lastKnownFileType = sourcecode.swift; path = IqHandler.swift; sourceTree = "<group>"; };
		9185B0AB20867E3B004D4C40 /* Keychain.swift */ = {isa = PBXFileReference; fileEncoding = 4; lastKnownFileType = sourcecode.swift; path = Keychain.swift; sourceTree = "<group>"; };
		9185B0AD20867E3B004D4C40 /* JWTDecode.swift */ = {isa = PBXFileReference; fileEncoding = 4; lastKnownFileType = sourcecode.swift; path = JWTDecode.swift; sourceTree = "<group>"; };
		9185B0AE20867E3B004D4C40 /* JWT.swift */ = {isa = PBXFileReference; fileEncoding = 4; lastKnownFileType = sourcecode.swift; path = JWT.swift; sourceTree = "<group>"; };
		9185B0AF20867E3B004D4C40 /* Errors.swift */ = {isa = PBXFileReference; fileEncoding = 4; lastKnownFileType = sourcecode.swift; path = Errors.swift; sourceTree = "<group>"; };
		9185B0B120867E3B004D4C40 /* DictionaryExtensions.swift */ = {isa = PBXFileReference; fileEncoding = 4; lastKnownFileType = sourcecode.swift; path = DictionaryExtensions.swift; sourceTree = "<group>"; };
		9185B0B220867E3B004D4C40 /* DataExtensions.swift */ = {isa = PBXFileReference; fileEncoding = 4; lastKnownFileType = sourcecode.swift; path = DataExtensions.swift; sourceTree = "<group>"; };
		9185B0B320867E3B004D4C40 /* StringExtensions.swift */ = {isa = PBXFileReference; fileEncoding = 4; lastKnownFileType = sourcecode.swift; path = StringExtensions.swift; sourceTree = "<group>"; };
		9185B0B420867E3B004D4C40 /* URLSessionExtensions.swift */ = {isa = PBXFileReference; fileEncoding = 4; lastKnownFileType = sourcecode.swift; path = URLSessionExtensions.swift; sourceTree = "<group>"; };
		9185B0B620867E3B004D4C40 /* Auth0ViewController.swift */ = {isa = PBXFileReference; fileEncoding = 4; lastKnownFileType = sourcecode.swift; path = Auth0ViewController.swift; sourceTree = "<group>"; };
		9185B0B720867E3B004D4C40 /* WANRadioPickerViewController.swift */ = {isa = PBXFileReference; fileEncoding = 4; lastKnownFileType = sourcecode.swift; path = WANRadioPickerViewController.swift; sourceTree = "<group>"; };
		9185B0B820867E3B004D4C40 /* LANRadioPickerViewController.swift */ = {isa = PBXFileReference; fileEncoding = 4; lastKnownFileType = sourcecode.swift; path = LANRadioPickerViewController.swift; sourceTree = "<group>"; };
		91A2D8DC2069481000676728 /* ChangeLog.txt */ = {isa = PBXFileReference; fileEncoding = 4; lastKnownFileType = text; path = ChangeLog.txt; sourceTree = "<group>"; };
		91B4C08D206D477200897398 /* SplitViewController.swift */ = {isa = PBXFileReference; lastKnownFileType = sourcecode.swift; path = SplitViewController.swift; sourceTree = "<group>"; };
		91FDF1C3206BD6FE00C75CE7 /* xLib6000.framework */ = {isa = PBXFileReference; lastKnownFileType = wrapper.framework; path = xLib6000.framework; sourceTree = "<group>"; };
/* End PBXFileReference section */

/* Begin PBXFrameworksBuildPhase section */
		9102C1A82066BE0700F4B655 /* Frameworks */ = {
			isa = PBXFrameworksBuildPhase;
			buildActionMask = 2147483647;
			files = (
				9102C21C2066C27A00F4B655 /* SwiftyUserDefaults.framework in Frameworks */,
				91FDF1C4206BD6FE00C75CE7 /* xLib6000.framework in Frameworks */,
			);
			runOnlyForDeploymentPostprocessing = 0;
		};
/* End PBXFrameworksBuildPhase section */

/* Begin PBXGroup section */
		9102C1A22066BE0700F4B655 = {
			isa = PBXGroup;
			children = (
				91FDF1C3206BD6FE00C75CE7 /* xLib6000.framework */,
				91A2D8DC2069481000676728 /* ChangeLog.txt */,
				9102C1F12066C03700F4B655 /* README.md */,
				9102C21B2066C27A00F4B655 /* SwiftyUserDefaults.framework */,
				9102C1AD2066BE0700F4B655 /* xAPITester */,
				9102C1AC2066BE0700F4B655 /* Products */,
			);
			sourceTree = "<group>";
		};
		9102C1AC2066BE0700F4B655 /* Products */ = {
			isa = PBXGroup;
			children = (
				9102C1AB2066BE0700F4B655 /* xAPITester.app */,
			);
			name = Products;
			sourceTree = "<group>";
		};
		9102C1AD2066BE0700F4B655 /* xAPITester */ = {
			isa = PBXGroup;
			children = (
				913F7EB42066C8BB00F35E9B /* Assets.xcassets */,
				9102C2172066C10300F4B655 /* Defaults.plist */,
				9102C2182066C10300F4B655 /* Info.plist */,
				9102C1CA2066C03700F4B655 /* AppDelegate.swift */,
				9102C1CC2066C03700F4B655 /* AppExtensions.swift */,
				9102C1C52066C03700F4B655 /* Main.storyboard */,
				9102C1C72066C03700F4B655 /* ViewControllers */,
				9185B056207905F9004D4C40 /* Stream Handlers */,
				9185B0A920867E3B004D4C40 /* CommonClientCode */,
				9102C1BF2066C03700F4B655 /* Documentation */,
			);
			path = xAPITester;
			sourceTree = "<group>";
		};
		9102C1BF2066C03700F4B655 /* Documentation */ = {
			isa = PBXGroup;
			children = (
				9102C1C02066C03700F4B655 /* xAPITester.pdf */,
			);
			path = Documentation;
			sourceTree = "<group>";
		};
		9102C1C72066C03700F4B655 /* ViewControllers */ = {
			isa = PBXGroup;
			children = (
				9102C1C82066C03700F4B655 /* ViewController.swift */,
				9102C1C92066C03700F4B655 /* HelpViewController.swift */,
				91B4C08D206D477200897398 /* SplitViewController.swift */,
			);
			path = ViewControllers;
			sourceTree = "<group>";
		};
		9185B056207905F9004D4C40 /* Stream Handlers */ = {
			isa = PBXGroup;
			children = (
				9185B05B20791318004D4C40 /* AudioHandler.swift */,
				9185B05C20791318004D4C40 /* IqHandler.swift */,
				913F972A209B62E2007A5273 /* MicAudioHandler.swift */,
				9185B057207905F9004D4C40 /* PanadapterHandler.swift */,
				9185B05920790E86004D4C40 /* WaterfallHandler.swift */,
			);
			path = "Stream Handlers";
			sourceTree = "<group>";
		};
		9185B0A920867E3B004D4C40 /* CommonClientCode */ = {
			isa = PBXGroup;
			children = (
				9185B0AA20867E3B004D4C40 /* Misc */,
				9185B0B020867E3B004D4C40 /* Extensions */,
				9185B0B520867E3B004D4C40 /* RadioPicker */,
			);
			path = CommonClientCode;
			sourceTree = "<group>";
		};
		9185B0AA20867E3B004D4C40 /* Misc */ = {
			isa = PBXGroup;
			children = (
				9185B0AB20867E3B004D4C40 /* Keychain.swift */,
				9185B0AC20867E3B004D4C40 /* JWTDecode */,
			);
			path = Misc;
			sourceTree = "<group>";
		};
		9185B0AC20867E3B004D4C40 /* JWTDecode */ = {
			isa = PBXGroup;
			children = (
				9185B0AD20867E3B004D4C40 /* JWTDecode.swift */,
				9185B0AE20867E3B004D4C40 /* JWT.swift */,
				9185B0AF20867E3B004D4C40 /* Errors.swift */,
			);
			path = JWTDecode;
			sourceTree = "<group>";
		};
		9185B0B020867E3B004D4C40 /* Extensions */ = {
			isa = PBXGroup;
			children = (
				9185B0B120867E3B004D4C40 /* DictionaryExtensions.swift */,
				9185B0B220867E3B004D4C40 /* DataExtensions.swift */,
				9185B0B320867E3B004D4C40 /* StringExtensions.swift */,
				9185B0B420867E3B004D4C40 /* URLSessionExtensions.swift */,
			);
			path = Extensions;
			sourceTree = "<group>";
		};
		9185B0B520867E3B004D4C40 /* RadioPicker */ = {
			isa = PBXGroup;
			children = (
				9185B0B620867E3B004D4C40 /* Auth0ViewController.swift */,
				9185B0B720867E3B004D4C40 /* WANRadioPickerViewController.swift */,
				9185B0B820867E3B004D4C40 /* LANRadioPickerViewController.swift */,
			);
			path = RadioPicker;
			sourceTree = "<group>";
		};
/* End PBXGroup section */

/* Begin PBXNativeTarget section */
		9102C1AA2066BE0700F4B655 /* xAPITester */ = {
			isa = PBXNativeTarget;
			buildConfigurationList = 9102C1BB2066BE0700F4B655 /* Build configuration list for PBXNativeTarget "xAPITester" */;
			buildPhases = (
				9102C1A72066BE0700F4B655 /* Sources */,
				9102C1A82066BE0700F4B655 /* Frameworks */,
				9102C1A92066BE0700F4B655 /* Resources */,
				9102C21E2066C27A00F4B655 /* Embed Frameworks */,
			);
			buildRules = (
			);
			dependencies = (
			);
			name = xAPITester;
			productName = "xAPITester-master";
			productReference = 9102C1AB2066BE0700F4B655 /* xAPITester.app */;
			productType = "com.apple.product-type.application";
		};
/* End PBXNativeTarget section */

/* Begin PBXProject section */
		9102C1A32066BE0700F4B655 /* Project object */ = {
			isa = PBXProject;
			attributes = {
				LastSwiftUpdateCheck = 0920;
				LastUpgradeCheck = 0930;
				ORGANIZATIONNAME = "Douglas Adams";
				TargetAttributes = {
					9102C1AA2066BE0700F4B655 = {
						CreatedOnToolsVersion = 9.2;
						ProvisioningStyle = Manual;
					};
				};
			};
			buildConfigurationList = 9102C1A62066BE0700F4B655 /* Build configuration list for PBXProject "xAPITester" */;
			compatibilityVersion = "Xcode 8.0";
			developmentRegion = en;
			hasScannedForEncodings = 0;
			knownRegions = (
				en,
				Base,
			);
			mainGroup = 9102C1A22066BE0700F4B655;
			productRefGroup = 9102C1AC2066BE0700F4B655 /* Products */;
			projectDirPath = "";
			projectRoot = "";
			targets = (
				9102C1AA2066BE0700F4B655 /* xAPITester */,
			);
		};
/* End PBXProject section */

/* Begin PBXResourcesBuildPhase section */
		9102C1A92066BE0700F4B655 /* Resources */ = {
			isa = PBXResourcesBuildPhase;
			buildActionMask = 2147483647;
			files = (
				9102C2192066C10300F4B655 /* Defaults.plist in Resources */,
				9102C2152066C03700F4B655 /* README.md in Resources */,
				9102C1F22066C03700F4B655 /* xAPITester.pdf in Resources */,
				9102C1F62066C03700F4B655 /* Main.storyboard in Resources */,
				913F7EB52066C8BB00F35E9B /* Assets.xcassets in Resources */,
				91A2D8DD2069481000676728 /* ChangeLog.txt in Resources */,
			);
			runOnlyForDeploymentPostprocessing = 0;
		};
/* End PBXResourcesBuildPhase section */

/* Begin PBXSourcesBuildPhase section */
		9102C1A72066BE0700F4B655 /* Sources */ = {
			isa = PBXSourcesBuildPhase;
			buildActionMask = 2147483647;
			files = (
				9185B05F20791318004D4C40 /* IqHandler.swift in Sources */,
				9185B0BD20867E3B004D4C40 /* DictionaryExtensions.swift in Sources */,
				9185B0C020867E3B004D4C40 /* URLSessionExtensions.swift in Sources */,
				9102C1FA2066C03700F4B655 /* AppExtensions.swift in Sources */,
				9185B0C220867E3B004D4C40 /* WANRadioPickerViewController.swift in Sources */,
				9185B058207905F9004D4C40 /* PanadapterHandler.swift in Sources */,
				9185B0C120867E3B004D4C40 /* Auth0ViewController.swift in Sources */,
				9102C1F92066C03700F4B655 /* AppDelegate.swift in Sources */,
				9102C1F72066C03700F4B655 /* ViewController.swift in Sources */,
				9185B0BB20867E3B004D4C40 /* JWT.swift in Sources */,
				9185B05A20790E86004D4C40 /* WaterfallHandler.swift in Sources */,
				913F972B209B62E2007A5273 /* MicAudioHandler.swift in Sources */,
				9185B0BF20867E3B004D4C40 /* StringExtensions.swift in Sources */,
				9185B0BE20867E3B004D4C40 /* DataExtensions.swift in Sources */,
				9185B0BC20867E3B004D4C40 /* Errors.swift in Sources */,
				9102C1F82066C03700F4B655 /* HelpViewController.swift in Sources */,
				91B4C08E206D477200897398 /* SplitViewController.swift in Sources */,
				9185B0C320867E3B004D4C40 /* LANRadioPickerViewController.swift in Sources */,
				9185B05E20791318004D4C40 /* AudioHandler.swift in Sources */,
				9185B0B920867E3B004D4C40 /* Keychain.swift in Sources */,
				9185B0BA20867E3B004D4C40 /* JWTDecode.swift in Sources */,
			);
			runOnlyForDeploymentPostprocessing = 0;
		};
/* End PBXSourcesBuildPhase section */

/* Begin PBXVariantGroup section */
		9102C1C52066C03700F4B655 /* Main.storyboard */ = {
			isa = PBXVariantGroup;
			children = (
				9102C1C62066C03700F4B655 /* Base */,
			);
			name = Main.storyboard;
			sourceTree = "<group>";
		};
/* End PBXVariantGroup section */

/* Begin XCBuildConfiguration section */
		9102C1B92066BE0700F4B655 /* Debug */ = {
			isa = XCBuildConfiguration;
			buildSettings = {
				ALWAYS_SEARCH_USER_PATHS = NO;
				CLANG_ANALYZER_LOCALIZABILITY_NONLOCALIZED = YES;
				CLANG_ANALYZER_NONNULL = YES;
				CLANG_ANALYZER_NUMBER_OBJECT_CONVERSION = YES_AGGRESSIVE;
				CLANG_CXX_LANGUAGE_STANDARD = "gnu++14";
				CLANG_CXX_LIBRARY = "libc++";
				CLANG_ENABLE_MODULES = YES;
				CLANG_ENABLE_OBJC_ARC = YES;
				CLANG_WARN_BLOCK_CAPTURE_AUTORELEASING = YES;
				CLANG_WARN_BOOL_CONVERSION = YES;
				CLANG_WARN_COMMA = YES;
				CLANG_WARN_CONSTANT_CONVERSION = YES;
				CLANG_WARN_DEPRECATED_OBJC_IMPLEMENTATIONS = YES;
				CLANG_WARN_DIRECT_OBJC_ISA_USAGE = YES_ERROR;
				CLANG_WARN_DOCUMENTATION_COMMENTS = YES;
				CLANG_WARN_EMPTY_BODY = YES;
				CLANG_WARN_ENUM_CONVERSION = YES;
				CLANG_WARN_INFINITE_RECURSION = YES;
				CLANG_WARN_INT_CONVERSION = YES;
				CLANG_WARN_NON_LITERAL_NULL_CONVERSION = YES;
				CLANG_WARN_OBJC_IMPLICIT_RETAIN_SELF = YES;
				CLANG_WARN_OBJC_LITERAL_CONVERSION = YES;
				CLANG_WARN_OBJC_ROOT_CLASS = YES_ERROR;
				CLANG_WARN_RANGE_LOOP_ANALYSIS = YES;
				CLANG_WARN_STRICT_PROTOTYPES = YES;
				CLANG_WARN_SUSPICIOUS_MOVE = YES;
				CLANG_WARN_UNGUARDED_AVAILABILITY = YES_AGGRESSIVE;
				CLANG_WARN_UNREACHABLE_CODE = YES;
				CLANG_WARN__DUPLICATE_METHOD_MATCH = YES;
				CODE_SIGN_IDENTITY = "-";
				COPY_PHASE_STRIP = NO;
				DEBUG_INFORMATION_FORMAT = dwarf;
				ENABLE_STRICT_OBJC_MSGSEND = YES;
				ENABLE_TESTABILITY = YES;
				GCC_C_LANGUAGE_STANDARD = gnu11;
				GCC_DYNAMIC_NO_PIC = NO;
				GCC_NO_COMMON_BLOCKS = YES;
				GCC_OPTIMIZATION_LEVEL = 0;
				GCC_PREPROCESSOR_DEFINITIONS = (
					"DEBUG=1",
					"$(inherited)",
				);
				GCC_WARN_64_TO_32_BIT_CONVERSION = YES;
				GCC_WARN_ABOUT_RETURN_TYPE = YES_ERROR;
				GCC_WARN_UNDECLARED_SELECTOR = YES;
				GCC_WARN_UNINITIALIZED_AUTOS = YES_AGGRESSIVE;
				GCC_WARN_UNUSED_FUNCTION = YES;
				GCC_WARN_UNUSED_VARIABLE = YES;
				MACOSX_DEPLOYMENT_TARGET = 10.10;
				MTL_ENABLE_DEBUG_INFO = YES;
				ONLY_ACTIVE_ARCH = YES;
				SDKROOT = macosx;
				SWIFT_ACTIVE_COMPILATION_CONDITIONS = DEBUG;
				SWIFT_OPTIMIZATION_LEVEL = "-Onone";
			};
			name = Debug;
		};
		9102C1BA2066BE0700F4B655 /* Release */ = {
			isa = XCBuildConfiguration;
			buildSettings = {
				ALWAYS_SEARCH_USER_PATHS = NO;
				CLANG_ANALYZER_LOCALIZABILITY_NONLOCALIZED = YES;
				CLANG_ANALYZER_NONNULL = YES;
				CLANG_ANALYZER_NUMBER_OBJECT_CONVERSION = YES_AGGRESSIVE;
				CLANG_CXX_LANGUAGE_STANDARD = "gnu++14";
				CLANG_CXX_LIBRARY = "libc++";
				CLANG_ENABLE_MODULES = YES;
				CLANG_ENABLE_OBJC_ARC = YES;
				CLANG_WARN_BLOCK_CAPTURE_AUTORELEASING = YES;
				CLANG_WARN_BOOL_CONVERSION = YES;
				CLANG_WARN_COMMA = YES;
				CLANG_WARN_CONSTANT_CONVERSION = YES;
				CLANG_WARN_DEPRECATED_OBJC_IMPLEMENTATIONS = YES;
				CLANG_WARN_DIRECT_OBJC_ISA_USAGE = YES_ERROR;
				CLANG_WARN_DOCUMENTATION_COMMENTS = YES;
				CLANG_WARN_EMPTY_BODY = YES;
				CLANG_WARN_ENUM_CONVERSION = YES;
				CLANG_WARN_INFINITE_RECURSION = YES;
				CLANG_WARN_INT_CONVERSION = YES;
				CLANG_WARN_NON_LITERAL_NULL_CONVERSION = YES;
				CLANG_WARN_OBJC_IMPLICIT_RETAIN_SELF = YES;
				CLANG_WARN_OBJC_LITERAL_CONVERSION = YES;
				CLANG_WARN_OBJC_ROOT_CLASS = YES_ERROR;
				CLANG_WARN_RANGE_LOOP_ANALYSIS = YES;
				CLANG_WARN_STRICT_PROTOTYPES = YES;
				CLANG_WARN_SUSPICIOUS_MOVE = YES;
				CLANG_WARN_UNGUARDED_AVAILABILITY = YES_AGGRESSIVE;
				CLANG_WARN_UNREACHABLE_CODE = YES;
				CLANG_WARN__DUPLICATE_METHOD_MATCH = YES;
				CODE_SIGN_IDENTITY = "-";
				COPY_PHASE_STRIP = NO;
				DEBUG_INFORMATION_FORMAT = "dwarf-with-dsym";
				ENABLE_NS_ASSERTIONS = NO;
				ENABLE_STRICT_OBJC_MSGSEND = YES;
				GCC_C_LANGUAGE_STANDARD = gnu11;
				GCC_NO_COMMON_BLOCKS = YES;
				GCC_WARN_64_TO_32_BIT_CONVERSION = YES;
				GCC_WARN_ABOUT_RETURN_TYPE = YES_ERROR;
				GCC_WARN_UNDECLARED_SELECTOR = YES;
				GCC_WARN_UNINITIALIZED_AUTOS = YES_AGGRESSIVE;
				GCC_WARN_UNUSED_FUNCTION = YES;
				GCC_WARN_UNUSED_VARIABLE = YES;
				MACOSX_DEPLOYMENT_TARGET = 10.10;
				MTL_ENABLE_DEBUG_INFO = NO;
				SDKROOT = macosx;
				SWIFT_OPTIMIZATION_LEVEL = "-Owholemodule";
			};
			name = Release;
		};
		9102C1BC2066BE0700F4B655 /* Debug */ = {
			isa = XCBuildConfiguration;
			buildSettings = {
				ASSETCATALOG_COMPILER_APPICON_NAME = AppIcon;
				CODE_SIGN_ENTITLEMENTS = "";
				CODE_SIGN_STYLE = Manual;
				COMBINE_HIDPI_IMAGES = YES;
				DEVELOPMENT_TEAM = "";
				FRAMEWORK_SEARCH_PATHS = (
					"$(inherited)",
					"$(PROJECT_DIR)",
				);
				INFOPLIST_FILE = xAPITester/Info.plist;
				LD_RUNPATH_SEARCH_PATHS = "$(inherited) @executable_path/../Frameworks";
				PRODUCT_BUNDLE_IDENTIFIER = net.k3tzr.xAPITester;
				PRODUCT_NAME = "$(TARGET_NAME)";
				PROVISIONING_PROFILE_SPECIFIER = "";
				SWIFT_VERSION = 4.0;
			};
			name = Debug;
		};
		9102C1BD2066BE0700F4B655 /* Release */ = {
			isa = XCBuildConfiguration;
			buildSettings = {
				ASSETCATALOG_COMPILER_APPICON_NAME = AppIcon;
				CODE_SIGN_ENTITLEMENTS = "";
				CODE_SIGN_STYLE = Manual;
				COMBINE_HIDPI_IMAGES = YES;
				DEVELOPMENT_TEAM = "";
				FRAMEWORK_SEARCH_PATHS = (
					"$(inherited)",
					"$(PROJECT_DIR)",
				);
				INFOPLIST_FILE = xAPITester/Info.plist;
				LD_RUNPATH_SEARCH_PATHS = "$(inherited) @executable_path/../Frameworks";
				PRODUCT_BUNDLE_IDENTIFIER = net.k3tzr.xAPITester;
				PRODUCT_NAME = "$(TARGET_NAME)";
				PROVISIONING_PROFILE_SPECIFIER = "";
				SWIFT_VERSION = 4.0;
			};
			name = Release;
		};
/* End XCBuildConfiguration section */

/* Begin XCConfigurationList section */
		9102C1A62066BE0700F4B655 /* Build configuration list for PBXProject "xAPITester" */ = {
			isa = XCConfigurationList;
			buildConfigurations = (
				9102C1B92066BE0700F4B655 /* Debug */,
				9102C1BA2066BE0700F4B655 /* Release */,
			);
			defaultConfigurationIsVisible = 0;
			defaultConfigurationName = Release;
		};
		9102C1BB2066BE0700F4B655 /* Build configuration list for PBXNativeTarget "xAPITester" */ = {
			isa = XCConfigurationList;
			buildConfigurations = (
				9102C1BC2066BE0700F4B655 /* Debug */,
				9102C1BD2066BE0700F4B655 /* Release */,
			);
			defaultConfigurationIsVisible = 0;
			defaultConfigurationName = Release;
		};
/* End XCConfigurationList section */
	};
	rootObject = 9102C1A32066BE0700F4B655 /* Project object */;
}
